
Microsoft Visual Studio Solution File, Format Version 12.00
# Visual Studio 14
VisualStudioVersion = 14.0.25420.1
MinimumVisualStudioVersion = 10.0.40219.1
Project("{FAE04EC0-301F-11D3-BF4B-00C04F79EFBC}") = "CenturiesToMinutes", "CenturiesToMinutes\CenturiesToMinutes.csproj", "{A50AD6EE-BCE5-40BC-9568-E209DEB5A5E7}"
EndProject
Project("{FAE04EC0-301F-11D3-BF4B-00C04F79EFBC}") = "CircleArea", "CircleArea\CircleArea.csproj", "{E7D49072-FD90-43FE-A37A-3828D3AAFB19}"
EndProject
Project("{FAE04EC0-301F-11D3-BF4B-00C04F79EFBC}") = "ExactSum", "ExactSum\ExactSum.csproj", "{66C10D0C-E725-4BDB-A06B-135E6B85D023}"
EndProject
Project("{FAE04EC0-301F-11D3-BF4B-00C04F79EFBC}") = "Elevator", "Elevator\Elevator.csproj", "{5ECB7886-299B-4900-858F-DEE1EBE8F2F8}"
EndProject
Project("{FAE04EC0-301F-11D3-BF4B-00C04F79EFBC}") = "SpecialNumbers", "SpecialNumbers\SpecialNumbers.csproj", "{E7825BBD-A861-434D-ABC2-2ED7F2924F23}"
EndProject
Project("{FAE04EC0-301F-11D3-BF4B-00C04F79EFBC}") = "TripleOfLatinLetters", "TripleOfLatinLetters\TripleOfLatinLetters.csproj", "{92EC3F6A-5C54-4413-BD25-E86BD6F87571}"
EndProject
Project("{FAE04EC0-301F-11D3-BF4B-00C04F79EFBC}") = "Greeting", "Greeting\Greeting.csproj", "{15D804D7-1A28-4F0A-8587-BDD60A54F96B}"
EndProject
Project("{FAE04EC0-301F-11D3-BF4B-00C04F79EFBC}") = "VolumeOfPyramid", "VolumeOfPyramid\VolumeOfPyramid.csproj", "{7260B409-F0CF-4D64-942D-960EB9C66707}"
EndProject
Project("{FAE04EC0-301F-11D3-BF4B-00C04F79EFBC}") = "SpecNumsCorrection", "SpecNumsCorrection\SpecNumsCorrection.csproj", "{C59FB21D-0064-4A7B-A194-E51561780D44}"
EndProject
Global
	GlobalSection(SolutionConfigurationPlatforms) = preSolution
		Debug|Any CPU = Debug|Any CPU
		Release|Any CPU = Release|Any CPU
	EndGlobalSection
	GlobalSection(ProjectConfigurationPlatforms) = postSolution
		{A50AD6EE-BCE5-40BC-9568-E209DEB5A5E7}.Debug|Any CPU.ActiveCfg = Debug|Any CPU
		{A50AD6EE-BCE5-40BC-9568-E209DEB5A5E7}.Debug|Any CPU.Build.0 = Debug|Any CPU
		{A50AD6EE-BCE5-40BC-9568-E209DEB5A5E7}.Release|Any CPU.ActiveCfg = Release|Any CPU
		{A50AD6EE-BCE5-40BC-9568-E209DEB5A5E7}.Release|Any CPU.Build.0 = Release|Any CPU
		{E7D49072-FD90-43FE-A37A-3828D3AAFB19}.Debug|Any CPU.ActiveCfg = Debug|Any CPU
		{E7D49072-FD90-43FE-A37A-3828D3AAFB19}.Debug|Any CPU.Build.0 = Debug|Any CPU
		{E7D49072-FD90-43FE-A37A-3828D3AAFB19}.Release|Any CPU.ActiveCfg = Release|Any CPU
		{E7D49072-FD90-43FE-A37A-3828D3AAFB19}.Release|Any CPU.Build.0 = Release|Any CPU
		{66C10D0C-E725-4BDB-A06B-135E6B85D023}.Debug|Any CPU.ActiveCfg = Debug|Any CPU
		{66C10D0C-E725-4BDB-A06B-135E6B85D023}.Debug|Any CPU.Build.0 = Debug|Any CPU
		{66C10D0C-E725-4BDB-A06B-135E6B85D023}.Release|Any CPU.ActiveCfg = Release|Any CPU
		{66C10D0C-E725-4BDB-A06B-135E6B85D023}.Release|Any CPU.Build.0 = Release|Any CPU
		{5ECB7886-299B-4900-858F-DEE1EBE8F2F8}.Debug|Any CPU.ActiveCfg = Debug|Any CPU
		{5ECB7886-299B-4900-858F-DEE1EBE8F2F8}.Debug|Any CPU.Build.0 = Debug|Any CPU
		{5ECB7886-299B-4900-858F-DEE1EBE8F2F8}.Release|Any CPU.ActiveCfg = Release|Any CPU
		{5ECB7886-299B-4900-858F-DEE1EBE8F2F8}.Release|Any CPU.Build.0 = Release|Any CPU
		{E7825BBD-A861-434D-ABC2-2ED7F2924F23}.Debug|Any CPU.ActiveCfg = Debug|Any CPU
		{E7825BBD-A861-434D-ABC2-2ED7F2924F23}.Debug|Any CPU.Build.0 = Debug|Any CPU
		{E7825BBD-A861-434D-ABC2-2ED7F2924F23}.Release|Any CPU.ActiveCfg = Release|Any CPU
		{E7825BBD-A861-434D-ABC2-2ED7F2924F23}.Release|Any CPU.Build.0 = Release|Any CPU
		{92EC3F6A-5C54-4413-BD25-E86BD6F87571}.Debug|Any CPU.ActiveCfg = Debug|Any CPU
		{92EC3F6A-5C54-4413-BD25-E86BD6F87571}.Debug|Any CPU.Build.0 = Debug|Any CPU
		{92EC3F6A-5C54-4413-BD25-E86BD6F87571}.Release|Any CPU.ActiveCfg = Release|Any CPU
		{92EC3F6A-5C54-4413-BD25-E86BD6F87571}.Release|Any CPU.Build.0 = Release|Any CPU
		{15D804D7-1A28-4F0A-8587-BDD60A54F96B}.Debug|Any CPU.ActiveCfg = Debug|Any CPU
		{15D804D7-1A28-4F0A-8587-BDD60A54F96B}.Debug|Any CPU.Build.0 = Debug|Any CPU
		{15D804D7-1A28-4F0A-8587-BDD60A54F96B}.Release|Any CPU.ActiveCfg = Release|Any CPU
		{15D804D7-1A28-4F0A-8587-BDD60A54F96B}.Release|Any CPU.Build.0 = Release|Any CPU
		{7260B409-F0CF-4D64-942D-960EB9C66707}.Debug|Any CPU.ActiveCfg = Debug|Any CPU
		{7260B409-F0CF-4D64-942D-960EB9C66707}.Debug|Any CPU.Build.0 = Debug|Any CPU
		{7260B409-F0CF-4D64-942D-960EB9C66707}.Release|Any CPU.ActiveCfg = Release|Any CPU
		{7260B409-F0CF-4D64-942D-960EB9C66707}.Release|Any CPU.Build.0 = Release|Any CPU
		{C59FB21D-0064-4A7B-A194-E51561780D44}.Debug|Any CPU.ActiveCfg = Debug|Any CPU
		{C59FB21D-0064-4A7B-A194-E51561780D44}.Debug|Any CPU.Build.0 = Debug|Any CPU
		{C59FB21D-0064-4A7B-A194-E51561780D44}.Release|Any CPU.ActiveCfg = Release|Any CPU
		{C59FB21D-0064-4A7B-A194-E51561780D44}.Release|Any CPU.Build.0 = Release|Any CPU
	EndGlobalSection
	GlobalSection(SolutionProperties) = preSolution
		HideSolutionNode = FALSE
	EndGlobalSection
EndGlobal
